
Microsoft Visual Studio Solution File, Format Version 12.00
# Visual Studio Version 16
VisualStudioVersion = 16.0.31605.320
MinimumVisualStudioVersion = 10.0.40219.1
Project("{9A19103F-16F7-4668-BE54-9A1E7A4F7556}") = "API", "ActivitiesApp\API.csproj", "{FF2BD512-3E42-4976-ACD1-6673A0665FAE}"
EndProject
Project("{9A19103F-16F7-4668-BE54-9A1E7A4F7556}") = "Application", "Application\Application.csproj", "{5E4DB988-1152-4DE2-89AD-E01613C59C63}"
EndProject
Project("{9A19103F-16F7-4668-BE54-9A1E7A4F7556}") = "Domain", "Domain\Domain.csproj", "{BE5762A9-5796-4B4B-A17C-6D2D44024C0B}"
EndProject
Project("{9A19103F-16F7-4668-BE54-9A1E7A4F7556}") = "Persistence", "Persistence\Persistence.csproj", "{470D52AD-2E42-4E3A-8395-6FC91E408D11}"
EndProject
Project("{E53339B2-1760-4266-BCC7-CA923CBCF16C}") = "docker-compose", "docker-compose.dcproj", "{D16E6507-3F5C-4E41-B0FF-6234238703B1}"
EndProject
Global
	GlobalSection(SolutionConfigurationPlatforms) = preSolution
		Debug|Any CPU = Debug|Any CPU
		Release|Any CPU = Release|Any CPU
	EndGlobalSection
	GlobalSection(ProjectConfigurationPlatforms) = postSolution
		{FF2BD512-3E42-4976-ACD1-6673A0665FAE}.Debug|Any CPU.ActiveCfg = Debug|Any CPU
		{FF2BD512-3E42-4976-ACD1-6673A0665FAE}.Debug|Any CPU.Build.0 = Debug|Any CPU
		{FF2BD512-3E42-4976-ACD1-6673A0665FAE}.Release|Any CPU.ActiveCfg = Release|Any CPU
		{FF2BD512-3E42-4976-ACD1-6673A0665FAE}.Release|Any CPU.Build.0 = Release|Any CPU
		{5E4DB988-1152-4DE2-89AD-E01613C59C63}.Debug|Any CPU.ActiveCfg = Debug|Any CPU
		{5E4DB988-1152-4DE2-89AD-E01613C59C63}.Debug|Any CPU.Build.0 = Debug|Any CPU
		{5E4DB988-1152-4DE2-89AD-E01613C59C63}.Release|Any CPU.ActiveCfg = Release|Any CPU
		{5E4DB988-1152-4DE2-89AD-E01613C59C63}.Release|Any CPU.Build.0 = Release|Any CPU
		{BE5762A9-5796-4B4B-A17C-6D2D44024C0B}.Debug|Any CPU.ActiveCfg = Debug|Any CPU
		{BE5762A9-5796-4B4B-A17C-6D2D44024C0B}.Debug|Any CPU.Build.0 = Debug|Any CPU
		{BE5762A9-5796-4B4B-A17C-6D2D44024C0B}.Release|Any CPU.ActiveCfg = Release|Any CPU
		{BE5762A9-5796-4B4B-A17C-6D2D44024C0B}.Release|Any CPU.Build.0 = Release|Any CPU
		{470D52AD-2E42-4E3A-8395-6FC91E408D11}.Debug|Any CPU.ActiveCfg = Debug|Any CPU
		{470D52AD-2E42-4E3A-8395-6FC91E408D11}.Debug|Any CPU.Build.0 = Debug|Any CPU
		{470D52AD-2E42-4E3A-8395-6FC91E408D11}.Release|Any CPU.ActiveCfg = Release|Any CPU
		{470D52AD-2E42-4E3A-8395-6FC91E408D11}.Release|Any CPU.Build.0 = Release|Any CPU
		{D16E6507-3F5C-4E41-B0FF-6234238703B1}.Debug|Any CPU.ActiveCfg = Debug|Any CPU
		{D16E6507-3F5C-4E41-B0FF-6234238703B1}.Debug|Any CPU.Build.0 = Debug|Any CPU
		{D16E6507-3F5C-4E41-B0FF-6234238703B1}.Release|Any CPU.ActiveCfg = Release|Any CPU
		{D16E6507-3F5C-4E41-B0FF-6234238703B1}.Release|Any CPU.Build.0 = Release|Any CPU
	EndGlobalSection
	GlobalSection(SolutionProperties) = preSolution
		HideSolutionNode = FALSE
	EndGlobalSection
	GlobalSection(ExtensibilityGlobals) = postSolution
		SolutionGuid = {9FB06531-4306-4BBF-96C4-E144A91087EC}
	EndGlobalSection
EndGlobal
